
Microsoft Visual Studio Solution File, Format Version 12.00
# Visual Studio Version 16
VisualStudioVersion = 16.0.30611.23
MinimumVisualStudioVersion = 10.0.40219.1
Project("{2150E333-8FDC-42A3-9474-1A3956D46DE8}") = "API", "API", "{6726A665-8B54-42BD-AFD4-A7A501FDB599}"
EndProject
Project("{2150E333-8FDC-42A3-9474-1A3956D46DE8}") = "Modules", "Modules", "{6A46639D-4ECE-46D9-877A-B3EAF7673EC1}"
EndProject
Project("{2150E333-8FDC-42A3-9474-1A3956D46DE8}") = "1. Beginner", "1. Beginner", "{85CA8E65-436C-43B7-AB2D-D7CFE5EA7F05}"
EndProject
Project("{2150E333-8FDC-42A3-9474-1A3956D46DE8}") = "2. Intermediate", "2. Intermediate", "{6CC98566-3394-4A79-93C0-76714EF3B2A5}"
EndProject
Project("{2150E333-8FDC-42A3-9474-1A3956D46DE8}") = "3. Advanced", "3. Advanced", "{F6179532-6997-40C5-A903-BF42A68A382E}"
EndProject
Project("{2150E333-8FDC-42A3-9474-1A3956D46DE8}") = "BIN2DEC", "BIN2DEC", "{B2DDA3C4-67BB-4C79-A128-D70D42EF6FD2}"
EndProject
Project("{2150E333-8FDC-42A3-9474-1A3956D46DE8}") = "BORDER RADIUS PREVIEWER", "BORDER RADIUS PREVIEWER", "{F3B0C035-1879-4457-9BB4-D998D4AD1B79}"
EndProject
Project("{2150E333-8FDC-42A3-9474-1A3956D46DE8}") = "CALCULATOR", "CALCULATOR", "{127382AA-EB3B-4F5C-A6C4-0E5F4A2E5DBD}"
EndProject
Project("{FAE04EC0-301F-11D3-BF4B-00C04F79EFBC}") = "APP.IDEAS.API", "APP.IDEAS.API\APP.IDEAS.API.csproj", "{BCB8A5A0-A0FA-4831-965F-A205EAC9DB7D}"
EndProject
Project("{FAE04EC0-301F-11D3-BF4B-00C04F79EFBC}") = "APP.IDEAS.Modules.Beginner.BIN2DEC.Application", "APP.IDEAS.Modules.Beginner.BIN2DEC\APP.IDEAS.Modules.Beginner.BIN2DEC.Application.csproj", "{633216C5-4CD8-43AC-B5A5-936D57AC5C67}"
EndProject
Project("{FAE04EC0-301F-11D3-BF4B-00C04F79EFBC}") = "APP.IDEAS.Modules.Beginner.BIN2DEC.Domain", "APP.IDEAS.Modules.Beginner.BIN2DEC.Domain\APP.IDEAS.Modules.Beginner.BIN2DEC.Domain.csproj", "{81906366-15CC-4AE5-9D45-F6F0FD66BCDD}"
EndProject
Project("{FAE04EC0-301F-11D3-BF4B-00C04F79EFBC}") = "APP.IDEAS.Modules.Beginner.BIN2DEC.Infra", "APP.IDEAS.Modules.Beginner.BIN2DEC.Infra\APP.IDEAS.Modules.Beginner.BIN2DEC.Infra.csproj", "{28E108B5-00D1-4A6D-8FA1-D826F12DCEB8}"
EndProject
Project("{FAE04EC0-301F-11D3-BF4B-00C04F79EFBC}") = "APP.IDEAS.Modules.Beginner.BORDERRADIUSPREVIEWER.Application", "APP.IDEAS.Modules.Beginner.BORDERRADIUSPREVIEWER.Application\APP.IDEAS.Modules.Beginner.BORDERRADIUSPREVIEWER.Application.csproj", "{DC2C5669-F9B9-4D95-8B53-0714BC47FDED}"
EndProject
Project("{FAE04EC0-301F-11D3-BF4B-00C04F79EFBC}") = "APP.IDEAS.Modules.Beginner.BORDERRADIUSPREVIEWER.Domain", "APP.IDEAS.Modules.Beginner.BORDERRADIUSPREVIEWER.Domain\APP.IDEAS.Modules.Beginner.BORDERRADIUSPREVIEWER.Domain.csproj", "{A2872155-C19F-4E05-9006-7C4D505AFDFA}"
EndProject
Project("{FAE04EC0-301F-11D3-BF4B-00C04F79EFBC}") = "APP.IDEAS.Modules.Beginner.BORDERRADIUSPREVIEWER.Infra", "APP.IDEAS.Modules.Beginner.BORDERRADIUSPREVIEWER.Infra\APP.IDEAS.Modules.Beginner.BORDERRADIUSPREVIEWER.Infra.csproj", "{4E0BD3AE-3BC8-4C88-844A-95035CF0BDD9}"
EndProject
Project("{FAE04EC0-301F-11D3-BF4B-00C04F79EFBC}") = "APP.IDEAS.Modules.Beginner.CALCULATOR.Application", "APP.IDEAS.Modules.Beginner.CALCULATOR.Application\APP.IDEAS.Modules.Beginner.CALCULATOR.Application.csproj", "{9E46CEE9-D87F-412C-98D8-28AAC611AC0E}"
EndProject
Project("{FAE04EC0-301F-11D3-BF4B-00C04F79EFBC}") = "APP.IDEAS.Modules.Beginner.CALCULATOR.Domain", "APP.IDEAS.Modules.Beginner.CALCULATOR.Domain\APP.IDEAS.Modules.Beginner.CALCULATOR.Domain.csproj", "{8E27980C-C904-4645-99C1-F7806BA4F778}"
EndProject
Project("{FAE04EC0-301F-11D3-BF4B-00C04F79EFBC}") = "APP.IDEAS.Modules.Beginner.CALCULATOR.Infra", "APP.IDEAS.Modules.Beginner.CALCULATOR.Infra\APP.IDEAS.Modules.Beginner.CALCULATOR.Infra.csproj", "{30282412-239C-4ADA-B6E0-F60E69114594}"
EndProject
Global
	GlobalSection(SolutionConfigurationPlatforms) = preSolution
		Debug|Any CPU = Debug|Any CPU
		Release|Any CPU = Release|Any CPU
	EndGlobalSection
	GlobalSection(ProjectConfigurationPlatforms) = postSolution
		{BCB8A5A0-A0FA-4831-965F-A205EAC9DB7D}.Debug|Any CPU.ActiveCfg = Debug|Any CPU
		{BCB8A5A0-A0FA-4831-965F-A205EAC9DB7D}.Debug|Any CPU.Build.0 = Debug|Any CPU
		{BCB8A5A0-A0FA-4831-965F-A205EAC9DB7D}.Release|Any CPU.ActiveCfg = Release|Any CPU
		{BCB8A5A0-A0FA-4831-965F-A205EAC9DB7D}.Release|Any CPU.Build.0 = Release|Any CPU
		{633216C5-4CD8-43AC-B5A5-936D57AC5C67}.Debug|Any CPU.ActiveCfg = Debug|Any CPU
		{633216C5-4CD8-43AC-B5A5-936D57AC5C67}.Debug|Any CPU.Build.0 = Debug|Any CPU
		{633216C5-4CD8-43AC-B5A5-936D57AC5C67}.Release|Any CPU.ActiveCfg = Release|Any CPU
		{633216C5-4CD8-43AC-B5A5-936D57AC5C67}.Release|Any CPU.Build.0 = Release|Any CPU
		{81906366-15CC-4AE5-9D45-F6F0FD66BCDD}.Debug|Any CPU.ActiveCfg = Debug|Any CPU
		{81906366-15CC-4AE5-9D45-F6F0FD66BCDD}.Debug|Any CPU.Build.0 = Debug|Any CPU
		{81906366-15CC-4AE5-9D45-F6F0FD66BCDD}.Release|Any CPU.ActiveCfg = Release|Any CPU
		{81906366-15CC-4AE5-9D45-F6F0FD66BCDD}.Release|Any CPU.Build.0 = Release|Any CPU
		{28E108B5-00D1-4A6D-8FA1-D826F12DCEB8}.Debug|Any CPU.ActiveCfg = Debug|Any CPU
		{28E108B5-00D1-4A6D-8FA1-D826F12DCEB8}.Debug|Any CPU.Build.0 = Debug|Any CPU
		{28E108B5-00D1-4A6D-8FA1-D826F12DCEB8}.Release|Any CPU.ActiveCfg = Release|Any CPU
		{28E108B5-00D1-4A6D-8FA1-D826F12DCEB8}.Release|Any CPU.Build.0 = Release|Any CPU
		{DC2C5669-F9B9-4D95-8B53-0714BC47FDED}.Debug|Any CPU.ActiveCfg = Debug|Any CPU
		{DC2C5669-F9B9-4D95-8B53-0714BC47FDED}.Debug|Any CPU.Build.0 = Debug|Any CPU
		{DC2C5669-F9B9-4D95-8B53-0714BC47FDED}.Release|Any CPU.ActiveCfg = Release|Any CPU
		{DC2C5669-F9B9-4D95-8B53-0714BC47FDED}.Release|Any CPU.Build.0 = Release|Any CPU
		{A2872155-C19F-4E05-9006-7C4D505AFDFA}.Debug|Any CPU.ActiveCfg = Debug|Any CPU
		{A2872155-C19F-4E05-9006-7C4D505AFDFA}.Debug|Any CPU.Build.0 = Debug|Any CPU
		{A2872155-C19F-4E05-9006-7C4D505AFDFA}.Release|Any CPU.ActiveCfg = Release|Any CPU
		{A2872155-C19F-4E05-9006-7C4D505AFDFA}.Release|Any CPU.Build.0 = Release|Any CPU
		{4E0BD3AE-3BC8-4C88-844A-95035CF0BDD9}.Debug|Any CPU.ActiveCfg = Debug|Any CPU
		{4E0BD3AE-3BC8-4C88-844A-95035CF0BDD9}.Debug|Any CPU.Build.0 = Debug|Any CPU
		{4E0BD3AE-3BC8-4C88-844A-95035CF0BDD9}.Release|Any CPU.ActiveCfg = Release|Any CPU
		{4E0BD3AE-3BC8-4C88-844A-95035CF0BDD9}.Release|Any CPU.Build.0 = Release|Any CPU
		{9E46CEE9-D87F-412C-98D8-28AAC611AC0E}.Debug|Any CPU.ActiveCfg = Debug|Any CPU
		{9E46CEE9-D87F-412C-98D8-28AAC611AC0E}.Debug|Any CPU.Build.0 = Debug|Any CPU
		{9E46CEE9-D87F-412C-98D8-28AAC611AC0E}.Release|Any CPU.ActiveCfg = Release|Any CPU
		{9E46CEE9-D87F-412C-98D8-28AAC611AC0E}.Release|Any CPU.Build.0 = Release|Any CPU
		{8E27980C-C904-4645-99C1-F7806BA4F778}.Debug|Any CPU.ActiveCfg = Debug|Any CPU
		{8E27980C-C904-4645-99C1-F7806BA4F778}.Debug|Any CPU.Build.0 = Debug|Any CPU
		{8E27980C-C904-4645-99C1-F7806BA4F778}.Release|Any CPU.ActiveCfg = Release|Any CPU
		{8E27980C-C904-4645-99C1-F7806BA4F778}.Release|Any CPU.Build.0 = Release|Any CPU
		{30282412-239C-4ADA-B6E0-F60E69114594}.Debug|Any CPU.ActiveCfg = Debug|Any CPU
		{30282412-239C-4ADA-B6E0-F60E69114594}.Debug|Any CPU.Build.0 = Debug|Any CPU
		{30282412-239C-4ADA-B6E0-F60E69114594}.Release|Any CPU.ActiveCfg = Release|Any CPU
		{30282412-239C-4ADA-B6E0-F60E69114594}.Release|Any CPU.Build.0 = Release|Any CPU
	EndGlobalSection
	GlobalSection(SolutionProperties) = preSolution
		HideSolutionNode = FALSE
	EndGlobalSection
	GlobalSection(NestedProjects) = preSolution
		{85CA8E65-436C-43B7-AB2D-D7CFE5EA7F05} = {6A46639D-4ECE-46D9-877A-B3EAF7673EC1}
		{6CC98566-3394-4A79-93C0-76714EF3B2A5} = {6A46639D-4ECE-46D9-877A-B3EAF7673EC1}
		{F6179532-6997-40C5-A903-BF42A68A382E} = {6A46639D-4ECE-46D9-877A-B3EAF7673EC1}
		{B2DDA3C4-67BB-4C79-A128-D70D42EF6FD2} = {85CA8E65-436C-43B7-AB2D-D7CFE5EA7F05}
		{F3B0C035-1879-4457-9BB4-D998D4AD1B79} = {85CA8E65-436C-43B7-AB2D-D7CFE5EA7F05}
		{127382AA-EB3B-4F5C-A6C4-0E5F4A2E5DBD} = {85CA8E65-436C-43B7-AB2D-D7CFE5EA7F05}
		{BCB8A5A0-A0FA-4831-965F-A205EAC9DB7D} = {6726A665-8B54-42BD-AFD4-A7A501FDB599}
		{633216C5-4CD8-43AC-B5A5-936D57AC5C67} = {B2DDA3C4-67BB-4C79-A128-D70D42EF6FD2}
		{81906366-15CC-4AE5-9D45-F6F0FD66BCDD} = {B2DDA3C4-67BB-4C79-A128-D70D42EF6FD2}
		{28E108B5-00D1-4A6D-8FA1-D826F12DCEB8} = {B2DDA3C4-67BB-4C79-A128-D70D42EF6FD2}
		{DC2C5669-F9B9-4D95-8B53-0714BC47FDED} = {F3B0C035-1879-4457-9BB4-D998D4AD1B79}
		{A2872155-C19F-4E05-9006-7C4D505AFDFA} = {F3B0C035-1879-4457-9BB4-D998D4AD1B79}
		{4E0BD3AE-3BC8-4C88-844A-95035CF0BDD9} = {F3B0C035-1879-4457-9BB4-D998D4AD1B79}
		{9E46CEE9-D87F-412C-98D8-28AAC611AC0E} = {127382AA-EB3B-4F5C-A6C4-0E5F4A2E5DBD}
		{8E27980C-C904-4645-99C1-F7806BA4F778} = {127382AA-EB3B-4F5C-A6C4-0E5F4A2E5DBD}
		{30282412-239C-4ADA-B6E0-F60E69114594} = {127382AA-EB3B-4F5C-A6C4-0E5F4A2E5DBD}
	EndGlobalSection
	GlobalSection(ExtensibilityGlobals) = postSolution
		SolutionGuid = {C90B0D32-4B46-488D-B48D-7A36C33DA705}
	EndGlobalSection
EndGlobal
